
Microsoft Visual Studio Solution File, Format Version 12.00
# Visual Studio Version 17
VisualStudioVersion = 17.5.33424.131
MinimumVisualStudioVersion = 10.0.40219.1
Project("{FAE04EC0-301F-11D3-BF4B-00C04F79EFBC}") = "ClassBasic32", "ClassBasic32\ClassBasic32.csproj", "{4D837822-A646-4069-B3DD-B4EA819CFBCF}"
EndProject
Global
	GlobalSection(SolutionConfigurationPlatforms) = preSolution
		Debug|Any CPU = Debug|Any CPU
		Release|Any CPU = Release|Any CPU
	EndGlobalSection
	GlobalSection(ProjectConfigurationPlatforms) = postSolution
		{4D837822-A646-4069-B3DD-B4EA819CFBCF}.Debug|Any CPU.ActiveCfg = Debug|Any CPU
		{4D837822-A646-4069-B3DD-B4EA819CFBCF}.Debug|Any CPU.Build.0 = Debug|Any CPU
		{4D837822-A646-4069-B3DD-B4EA819CFBCF}.Release|Any CPU.ActiveCfg = Release|Any CPU
		{4D837822-A646-4069-B3DD-B4EA819CFBCF}.Release|Any CPU.Build.0 = Release|Any CPU
	EndGlobalSection
	GlobalSection(SolutionProperties) = preSolution
		HideSolutionNode = FALSE
	EndGlobalSection
	GlobalSection(ExtensibilityGlobals) = postSolution
		SolutionGuid = {ABC5761A-D7F2-4AAD-9D62-4444E50E8E42}
	EndGlobalSection
EndGlobal
